// !$*UTF8*$!
{
	archiveVersion = 1;
	classes = {
	};
	objectVersion = 77;
	objects = {

/* Begin PBXBuildFile section */
		04A4F87EE811A5A4B391BFBD /* BenyuanNativeFlowModel.swift in Sources */ = {isa = PBXBuildFile; fileRef = 8532F7D68298E88C1C7573EB /* BenyuanNativeFlowModel.swift */; };
		087EF56E456487AB932CCB35 /* BenyuanNativeDesignPrimitives.swift in Sources */ = {isa = PBXBuildFile; fileRef = 98470422A6C18548ABCEC4C0 /* BenyuanNativeDesignPrimitives.swift */; };
		0E86482DE7257D7FB5760927 /* BenyuanNativeBridge.swift in Sources */ = {isa = PBXBuildFile; fileRef = 822A4681017BD700F30A81C4 /* BenyuanNativeBridge.swift */; };
		134C857347898E369292AC54 /* BenyuanNativeArchetypeRegistry.swift in Sources */ = {isa = PBXBuildFile; fileRef = 9A77E2FE6B33A897C06E8D19 /* BenyuanNativeArchetypeRegistry.swift */; };
		1EA17CB7BFFFE30B054714FC /* BenyuanNativeConstellationView.swift in Sources */ = {isa = PBXBuildFile; fileRef = FB6838F4ABFE9962DFD7BAA6 /* BenyuanNativeConstellationView.swift */; };
		21D0763D938A0B9165A98B3E /* BenyuanNativeTheaterView.swift in Sources */ = {isa = PBXBuildFile; fileRef = 1FB07AB9D9B9A0769D0CC9D9 /* BenyuanNativeTheaterView.swift */; };
		22DEC28C09436615F7E51EB2 /* BenyuanImagePayload.swift in Sources */ = {isa = PBXBuildFile; fileRef = BDEAD6013E8939952640CFAF /* BenyuanImagePayload.swift */; };
		2809B680A092A505B9D11C7C /* BenyuanNetworkMonitor.swift in Sources */ = {isa = PBXBuildFile; fileRef = 3415E25E48504958A7150987 /* BenyuanNetworkMonitor.swift */; };
		2F7F449895C2FBABCC00EE18 /* BenyuanMotionRuntime.swift in Sources */ = {isa = PBXBuildFile; fileRef = 26DD5E646E66A882A193FBF4 /* BenyuanMotionRuntime.swift */; };
		2F94CD5BAC7F1410BE840D35 /* BenyuanNativeConstellationActions.swift in Sources */ = {isa = PBXBuildFile; fileRef = B545C1CD17D2CBE65CFF4A28 /* BenyuanNativeConstellationActions.swift */; };
		30C2BAF6DD40C56F0BDF06A7 /* BenyuanNativeHomeView.swift in Sources */ = {isa = PBXBuildFile; fileRef = 88857AA31108DE2AA971635D /* BenyuanNativeHomeView.swift */; };
		33BDEE7FAF4D74A890B991EB /* BenyuanAPIClient.swift in Sources */ = {isa = PBXBuildFile; fileRef = CA23BE4CD0E36EEFE0A2E2CD /* BenyuanAPIClient.swift */; };
		375B5C589F83091EE39EE62D /* BenyuanConstellationImageRenderer.swift in Sources */ = {isa = PBXBuildFile; fileRef = FEF3B3536FAE7D137531D3BD /* BenyuanConstellationImageRenderer.swift */; };
		3E14B7F2822912910B3B792F /* BenyuanFlowStore.swift in Sources */ = {isa = PBXBuildFile; fileRef = 8C9327C7D6C6170B0073E1F2 /* BenyuanFlowStore.swift */; };
		5810598AA6AEFA84FF370EF0 /* BenyuanNativeImagePicker.swift in Sources */ = {isa = PBXBuildFile; fileRef = 1D48C07333F12CEC5C1B7996 /* BenyuanNativeImagePicker.swift */; };
		599A4D4250519E1985078496 /* BenyuanShellApp.swift in Sources */ = {isa = PBXBuildFile; fileRef = 7F67A5C4A8895424FA9D84E6 /* BenyuanShellApp.swift */; };
		5FD6D2C79383E13D478AB504 /* BenyuanAppleAuthCoordinator.swift in Sources */ = {isa = PBXBuildFile; fileRef = 94501745749F2E4D8F87D0D5 /* BenyuanAppleAuthCoordinator.swift */; };
		7324A5F3938CE286E76A89B9 /* native-smoke-fixture.png in Resources */ = {isa = PBXBuildFile; fileRef = 0362B686F60505AF544324D8 /* native-smoke-fixture.png */; };
		76FD0E0D00FDCB3326F22894 /* BenyuanDesignTokens.swift in Sources */ = {isa = PBXBuildFile; fileRef = DF8805C2203AB3A5FCAE87FD /* BenyuanDesignTokens.swift */; };
		777218E9E67718DEF95D8787 /* BenyuanShellRootView.swift in Sources */ = {isa = PBXBuildFile; fileRef = 307DE9631DC4B6949F272C68 /* BenyuanShellRootView.swift */; };
		780BCFD87FABBE766EA45AF1 /* BenyuanNativeGenerationJobs.swift in Sources */ = {isa = PBXBuildFile; fileRef = 0E9CB6ABC073AA777A4BDE9D /* BenyuanNativeGenerationJobs.swift */; };
		7D3FB1BE6B78CED4E9338EFB /* BenyuanNativeAccountView.swift in Sources */ = {isa = PBXBuildFile; fileRef = 2FE67F19E95ED1B208F38CDD /* BenyuanNativeAccountView.swift */; };
		87AD940206CC0DFB4450A007 /* BenyuanShellConfig.swift in Sources */ = {isa = PBXBuildFile; fileRef = E77ABE8DB480480B21CC15D2 /* BenyuanShellConfig.swift */; };
		8853B57152116BCAA2D67D66 /* BenyuanNativeAuthView.swift in Sources */ = {isa = PBXBuildFile; fileRef = 9FE65033AE5CADAAC3A68423 /* BenyuanNativeAuthView.swift */; };
		8AF3D0AE546628B37FAC1015 /* BenyuanNativeAccountActions.swift in Sources */ = {isa = PBXBuildFile; fileRef = 6383F369AD0887789AE80542 /* BenyuanNativeAccountActions.swift */; };
		8D3D62EC198E4C548715E785 /* BenyuanShellState.swift in Sources */ = {isa = PBXBuildFile; fileRef = 569437A108793ED68968852F /* BenyuanShellState.swift */; };
		8DFEAF4D44708F332FF04A7C /* BenyuanWechatAuthClient.swift in Sources */ = {isa = PBXBuildFile; fileRef = ED79191C059ACC97044B3C8A /* BenyuanWechatAuthClient.swift */; };
		9014A74A28E5B5969476EB65 /* BenyuanCoreNativeTests.swift in Sources */ = {isa = PBXBuildFile; fileRef = 52ADA74F3043898EC9DB3B88 /* BenyuanCoreNativeTests.swift */; };
		9172649CDCF2B449387124AF /* BenyuanNativeCollectActions.swift in Sources */ = {isa = PBXBuildFile; fileRef = 491A4B57CEF6CCFB9A63068D /* BenyuanNativeCollectActions.swift */; };
		933B375C1AA9C0D5F2A78506 /* BenyuanNativeHistoryActions.swift in Sources */ = {isa = PBXBuildFile; fileRef = FA8B20D02C0DDAA9C6689467 /* BenyuanNativeHistoryActions.swift */; };
		9B5C3319C1623FCB6574E292 /* BenyuanShareSheet.swift in Sources */ = {isa = PBXBuildFile; fileRef = 9B40AD6C5516B6D0209AD132 /* BenyuanShareSheet.swift */; };
		9EED86F2D24C6D42E02DCE71 /* BenyuanWebContainerView.swift in Sources */ = {isa = PBXBuildFile; fileRef = ABDA1B974999DECD2676F2DB /* BenyuanWebContainerView.swift */; };
		A7D13CE3A5AB296691019CF4 /* BenyuanNativeCollectView.swift in Sources */ = {isa = PBXBuildFile; fileRef = C59274E886B964C57CED6EA4 /* BenyuanNativeCollectView.swift */; };
		B5C1567CADB34783BDB3F62F /* BenyuanNativeProcessingView.swift in Sources */ = {isa = PBXBuildFile; fileRef = AD574852514009C42EBDC31B /* BenyuanNativeProcessingView.swift */; };
		B6B79C540A90BF0782AE35C4 /* BenyuanShellBackdrop.swift in Sources */ = {isa = PBXBuildFile; fileRef = EB9F9294A97167B2E4B0ABA8 /* BenyuanShellBackdrop.swift */; };
		CE01ED3120172FFD474E18DE /* BenyuanShellRouteContext.swift in Sources */ = {isa = PBXBuildFile; fileRef = 4A29B73991BDAFFDB951B8DE /* BenyuanShellRouteContext.swift */; };
		E63BF5C2CEE0ED510C327A90 /* BenyuanLaunchOverlay.swift in Sources */ = {isa = PBXBuildFile; fileRef = 9E13CAF88FCD678552DF32C3 /* BenyuanLaunchOverlay.swift */; };
		E823DFD3600C3D95FEBDE7B4 /* BenyuanRouteRecovery.swift in Sources */ = {isa = PBXBuildFile; fileRef = 0637A14CCD52810CB93A7072 /* BenyuanRouteRecovery.swift */; };
		F5203ECCE34599577FA7C7F1 /* Assets.xcassets in Resources */ = {isa = PBXBuildFile; fileRef = 04D61981B5B59C2E8CAFFE88 /* Assets.xcassets */; };
		F66EB124C32B5F679EA2F88B /* BenyuanNativePreviewFixtures.swift in Sources */ = {isa = PBXBuildFile; fileRef = 2FB9697E54D7013E4AFFFCF7 /* BenyuanNativePreviewFixtures.swift */; };
		F859A93B11B043A6A2044B9D /* BenyuanNativeTheaterActions.swift in Sources */ = {isa = PBXBuildFile; fileRef = 97333A0E01E7528CCF26115E /* BenyuanNativeTheaterActions.swift */; };
		FC357916C615A5FC1AA7B639 /* BenyuanNativeModels.swift in Sources */ = {isa = PBXBuildFile; fileRef = 48442EF2DF87BA1767B61860 /* BenyuanNativeModels.swift */; };
/* End PBXBuildFile section */

/* Begin PBXContainerItemProxy section */
		B60E3074F41ABD8926AB3C2E /* PBXContainerItemProxy */ = {
			isa = PBXContainerItemProxy;
			containerPortal = 64838622DCB8F96CAA14A6B2 /* Project object */;
			proxyType = 1;
			remoteGlobalIDString = 9A103574B189B763B17A2B1C;
			remoteInfo = BenyuanOriginShell;
		};
/* End PBXContainerItemProxy section */

/* Begin PBXFileReference section */
		0362B686F60505AF544324D8 /* native-smoke-fixture.png */ = {isa = PBXFileReference; lastKnownFileType = image.png; path = "native-smoke-fixture.png"; sourceTree = "<group>"; };
		04D61981B5B59C2E8CAFFE88 /* Assets.xcassets */ = {isa = PBXFileReference; lastKnownFileType = folder.assetcatalog; path = Assets.xcassets; sourceTree = "<group>"; };
		0637A14CCD52810CB93A7072 /* BenyuanRouteRecovery.swift */ = {isa = PBXFileReference; lastKnownFileType = sourcecode.swift; path = BenyuanRouteRecovery.swift; sourceTree = "<group>"; };
		0E9CB6ABC073AA777A4BDE9D /* BenyuanNativeGenerationJobs.swift */ = {isa = PBXFileReference; lastKnownFileType = sourcecode.swift; path = BenyuanNativeGenerationJobs.swift; sourceTree = "<group>"; };
		1D48C07333F12CEC5C1B7996 /* BenyuanNativeImagePicker.swift */ = {isa = PBXFileReference; lastKnownFileType = sourcecode.swift; path = BenyuanNativeImagePicker.swift; sourceTree = "<group>"; };
		1FB07AB9D9B9A0769D0CC9D9 /* BenyuanNativeTheaterView.swift */ = {isa = PBXFileReference; lastKnownFileType = sourcecode.swift; path = BenyuanNativeTheaterView.swift; sourceTree = "<group>"; };
		26DD5E646E66A882A193FBF4 /* BenyuanMotionRuntime.swift */ = {isa = PBXFileReference; lastKnownFileType = sourcecode.swift; path = BenyuanMotionRuntime.swift; sourceTree = "<group>"; };
		2C50851EBC2E67222FB268CC /* BenyuanOriginShell.app */ = {isa = PBXFileReference; includeInIndex = 0; lastKnownFileType = wrapper.application; path = BenyuanOriginShell.app; sourceTree = BUILT_PRODUCTS_DIR; };
		2FB9697E54D7013E4AFFFCF7 /* BenyuanNativePreviewFixtures.swift */ = {isa = PBXFileReference; lastKnownFileType = sourcecode.swift; path = BenyuanNativePreviewFixtures.swift; sourceTree = "<group>"; };
		2FE67F19E95ED1B208F38CDD /* BenyuanNativeAccountView.swift */ = {isa = PBXFileReference; lastKnownFileType = sourcecode.swift; path = BenyuanNativeAccountView.swift; sourceTree = "<group>"; };
		307DE9631DC4B6949F272C68 /* BenyuanShellRootView.swift */ = {isa = PBXFileReference; lastKnownFileType = sourcecode.swift; path = BenyuanShellRootView.swift; sourceTree = "<group>"; };
		3415E25E48504958A7150987 /* BenyuanNetworkMonitor.swift */ = {isa = PBXFileReference; lastKnownFileType = sourcecode.swift; path = BenyuanNetworkMonitor.swift; sourceTree = "<group>"; };
		48442EF2DF87BA1767B61860 /* BenyuanNativeModels.swift */ = {isa = PBXFileReference; lastKnownFileType = sourcecode.swift; path = BenyuanNativeModels.swift; sourceTree = "<group>"; };
		491A4B57CEF6CCFB9A63068D /* BenyuanNativeCollectActions.swift */ = {isa = PBXFileReference; lastKnownFileType = sourcecode.swift; path = BenyuanNativeCollectActions.swift; sourceTree = "<group>"; };
		4A29B73991BDAFFDB951B8DE /* BenyuanShellRouteContext.swift */ = {isa = PBXFileReference; lastKnownFileType = sourcecode.swift; path = BenyuanShellRouteContext.swift; sourceTree = "<group>"; };
		52ADA74F3043898EC9DB3B88 /* BenyuanCoreNativeTests.swift */ = {isa = PBXFileReference; lastKnownFileType = sourcecode.swift; path = BenyuanCoreNativeTests.swift; sourceTree = "<group>"; };
		569437A108793ED68968852F /* BenyuanShellState.swift */ = {isa = PBXFileReference; lastKnownFileType = sourcecode.swift; path = BenyuanShellState.swift; sourceTree = "<group>"; };
		6383F369AD0887789AE80542 /* BenyuanNativeAccountActions.swift */ = {isa = PBXFileReference; lastKnownFileType = sourcecode.swift; path = BenyuanNativeAccountActions.swift; sourceTree = "<group>"; };
		7F67A5C4A8895424FA9D84E6 /* BenyuanShellApp.swift */ = {isa = PBXFileReference; lastKnownFileType = sourcecode.swift; path = BenyuanShellApp.swift; sourceTree = "<group>"; };
		822A4681017BD700F30A81C4 /* BenyuanNativeBridge.swift */ = {isa = PBXFileReference; lastKnownFileType = sourcecode.swift; path = BenyuanNativeBridge.swift; sourceTree = "<group>"; };
		8532F7D68298E88C1C7573EB /* BenyuanNativeFlowModel.swift */ = {isa = PBXFileReference; lastKnownFileType = sourcecode.swift; path = BenyuanNativeFlowModel.swift; sourceTree = "<group>"; };
		88857AA31108DE2AA971635D /* BenyuanNativeHomeView.swift */ = {isa = PBXFileReference; lastKnownFileType = sourcecode.swift; path = BenyuanNativeHomeView.swift; sourceTree = "<group>"; };
		8C9327C7D6C6170B0073E1F2 /* BenyuanFlowStore.swift */ = {isa = PBXFileReference; lastKnownFileType = sourcecode.swift; path = BenyuanFlowStore.swift; sourceTree = "<group>"; };
		8C9AECEC8FE142671B128D32 /* BenyuanOriginShellTests.xctest */ = {isa = PBXFileReference; includeInIndex = 0; lastKnownFileType = wrapper.cfbundle; path = BenyuanOriginShellTests.xctest; sourceTree = BUILT_PRODUCTS_DIR; };
		94501745749F2E4D8F87D0D5 /* BenyuanAppleAuthCoordinator.swift */ = {isa = PBXFileReference; lastKnownFileType = sourcecode.swift; path = BenyuanAppleAuthCoordinator.swift; sourceTree = "<group>"; };
		97333A0E01E7528CCF26115E /* BenyuanNativeTheaterActions.swift */ = {isa = PBXFileReference; lastKnownFileType = sourcecode.swift; path = BenyuanNativeTheaterActions.swift; sourceTree = "<group>"; };
		98470422A6C18548ABCEC4C0 /* BenyuanNativeDesignPrimitives.swift */ = {isa = PBXFileReference; lastKnownFileType = sourcecode.swift; path = BenyuanNativeDesignPrimitives.swift; sourceTree = "<group>"; };
		9A77E2FE6B33A897C06E8D19 /* BenyuanNativeArchetypeRegistry.swift */ = {isa = PBXFileReference; lastKnownFileType = sourcecode.swift; path = BenyuanNativeArchetypeRegistry.swift; sourceTree = "<group>"; };
		9B40AD6C5516B6D0209AD132 /* BenyuanShareSheet.swift */ = {isa = PBXFileReference; lastKnownFileType = sourcecode.swift; path = BenyuanShareSheet.swift; sourceTree = "<group>"; };
		9E13CAF88FCD678552DF32C3 /* BenyuanLaunchOverlay.swift */ = {isa = PBXFileReference; lastKnownFileType = sourcecode.swift; path = BenyuanLaunchOverlay.swift; sourceTree = "<group>"; };
		9FE65033AE5CADAAC3A68423 /* BenyuanNativeAuthView.swift */ = {isa = PBXFileReference; lastKnownFileType = sourcecode.swift; path = BenyuanNativeAuthView.swift; sourceTree = "<group>"; };
		ABDA1B974999DECD2676F2DB /* BenyuanWebContainerView.swift */ = {isa = PBXFileReference; lastKnownFileType = sourcecode.swift; path = BenyuanWebContainerView.swift; sourceTree = "<group>"; };
		AD574852514009C42EBDC31B /* BenyuanNativeProcessingView.swift */ = {isa = PBXFileReference; lastKnownFileType = sourcecode.swift; path = BenyuanNativeProcessingView.swift; sourceTree = "<group>"; };
		B545C1CD17D2CBE65CFF4A28 /* BenyuanNativeConstellationActions.swift */ = {isa = PBXFileReference; lastKnownFileType = sourcecode.swift; path = BenyuanNativeConstellationActions.swift; sourceTree = "<group>"; };
		BDEAD6013E8939952640CFAF /* BenyuanImagePayload.swift */ = {isa = PBXFileReference; lastKnownFileType = sourcecode.swift; path = BenyuanImagePayload.swift; sourceTree = "<group>"; };
		C59274E886B964C57CED6EA4 /* BenyuanNativeCollectView.swift */ = {isa = PBXFileReference; lastKnownFileType = sourcecode.swift; path = BenyuanNativeCollectView.swift; sourceTree = "<group>"; };
		CA23BE4CD0E36EEFE0A2E2CD /* BenyuanAPIClient.swift */ = {isa = PBXFileReference; lastKnownFileType = sourcecode.swift; path = BenyuanAPIClient.swift; sourceTree = "<group>"; };
		DF8805C2203AB3A5FCAE87FD /* BenyuanDesignTokens.swift */ = {isa = PBXFileReference; lastKnownFileType = sourcecode.swift; path = BenyuanDesignTokens.swift; sourceTree = "<group>"; };
		E77ABE8DB480480B21CC15D2 /* BenyuanShellConfig.swift */ = {isa = PBXFileReference; lastKnownFileType = sourcecode.swift; path = BenyuanShellConfig.swift; sourceTree = "<group>"; };
		EB9F9294A97167B2E4B0ABA8 /* BenyuanShellBackdrop.swift */ = {isa = PBXFileReference; lastKnownFileType = sourcecode.swift; path = BenyuanShellBackdrop.swift; sourceTree = "<group>"; };
		ED79191C059ACC97044B3C8A /* BenyuanWechatAuthClient.swift */ = {isa = PBXFileReference; lastKnownFileType = sourcecode.swift; path = BenyuanWechatAuthClient.swift; sourceTree = "<group>"; };
		F291BF299E3CAE9A6A9A463A /* BenyuanOriginShell-Bridging-Header.h */ = {isa = PBXFileReference; lastKnownFileType = sourcecode.c.h; path = "BenyuanOriginShell-Bridging-Header.h"; sourceTree = "<group>"; };
		FA8B20D02C0DDAA9C6689467 /* BenyuanNativeHistoryActions.swift */ = {isa = PBXFileReference; lastKnownFileType = sourcecode.swift; path = BenyuanNativeHistoryActions.swift; sourceTree = "<group>"; };
		FB6838F4ABFE9962DFD7BAA6 /* BenyuanNativeConstellationView.swift */ = {isa = PBXFileReference; lastKnownFileType = sourcecode.swift; path = BenyuanNativeConstellationView.swift; sourceTree = "<group>"; };
		FEF3B3536FAE7D137531D3BD /* BenyuanConstellationImageRenderer.swift */ = {isa = PBXFileReference; lastKnownFileType = sourcecode.swift; path = BenyuanConstellationImageRenderer.swift; sourceTree = "<group>"; };
/* End PBXFileReference section */

/* Begin PBXGroup section */
		0F4E4B2124D30A4FCC6D7A5B /* Products */ = {
			isa = PBXGroup;
			children = (
				2C50851EBC2E67222FB268CC /* BenyuanOriginShell.app */,
				8C9AECEC8FE142671B128D32 /* BenyuanOriginShellTests.xctest */,
			);
			name = Products;
			sourceTree = "<group>";
		};
		54BE4986FAEC8CBD4971EC9D /* Tests */ = {
			isa = PBXGroup;
			children = (
				52ADA74F3043898EC9DB3B88 /* BenyuanCoreNativeTests.swift */,
			);
			path = Tests;
			sourceTree = "<group>";
		};
		74CD1CA96878BF053CB126B9 /* swiftui-starter */ = {
			isa = PBXGroup;
			children = (
				CA23BE4CD0E36EEFE0A2E2CD /* BenyuanAPIClient.swift */,
				94501745749F2E4D8F87D0D5 /* BenyuanAppleAuthCoordinator.swift */,
				FEF3B3536FAE7D137531D3BD /* BenyuanConstellationImageRenderer.swift */,
				8C9327C7D6C6170B0073E1F2 /* BenyuanFlowStore.swift */,
				BDEAD6013E8939952640CFAF /* BenyuanImagePayload.swift */,
				9E13CAF88FCD678552DF32C3 /* BenyuanLaunchOverlay.swift */,
				26DD5E646E66A882A193FBF4 /* BenyuanMotionRuntime.swift */,
				6383F369AD0887789AE80542 /* BenyuanNativeAccountActions.swift */,
				2FE67F19E95ED1B208F38CDD /* BenyuanNativeAccountView.swift */,
				9A77E2FE6B33A897C06E8D19 /* BenyuanNativeArchetypeRegistry.swift */,
				9FE65033AE5CADAAC3A68423 /* BenyuanNativeAuthView.swift */,
				822A4681017BD700F30A81C4 /* BenyuanNativeBridge.swift */,
				491A4B57CEF6CCFB9A63068D /* BenyuanNativeCollectActions.swift */,
				C59274E886B964C57CED6EA4 /* BenyuanNativeCollectView.swift */,
				B545C1CD17D2CBE65CFF4A28 /* BenyuanNativeConstellationActions.swift */,
				FB6838F4ABFE9962DFD7BAA6 /* BenyuanNativeConstellationView.swift */,
				98470422A6C18548ABCEC4C0 /* BenyuanNativeDesignPrimitives.swift */,
				8532F7D68298E88C1C7573EB /* BenyuanNativeFlowModel.swift */,
				0E9CB6ABC073AA777A4BDE9D /* BenyuanNativeGenerationJobs.swift */,
				FA8B20D02C0DDAA9C6689467 /* BenyuanNativeHistoryActions.swift */,
				88857AA31108DE2AA971635D /* BenyuanNativeHomeView.swift */,
				1D48C07333F12CEC5C1B7996 /* BenyuanNativeImagePicker.swift */,
				48442EF2DF87BA1767B61860 /* BenyuanNativeModels.swift */,
				2FB9697E54D7013E4AFFFCF7 /* BenyuanNativePreviewFixtures.swift */,
				AD574852514009C42EBDC31B /* BenyuanNativeProcessingView.swift */,
				97333A0E01E7528CCF26115E /* BenyuanNativeTheaterActions.swift */,
				1FB07AB9D9B9A0769D0CC9D9 /* BenyuanNativeTheaterView.swift */,
				3415E25E48504958A7150987 /* BenyuanNetworkMonitor.swift */,
				0637A14CCD52810CB93A7072 /* BenyuanRouteRecovery.swift */,
				9B40AD6C5516B6D0209AD132 /* BenyuanShareSheet.swift */,
				7F67A5C4A8895424FA9D84E6 /* BenyuanShellApp.swift */,
				EB9F9294A97167B2E4B0ABA8 /* BenyuanShellBackdrop.swift */,
				E77ABE8DB480480B21CC15D2 /* BenyuanShellConfig.swift */,
				307DE9631DC4B6949F272C68 /* BenyuanShellRootView.swift */,
				4A29B73991BDAFFDB951B8DE /* BenyuanShellRouteContext.swift */,
				569437A108793ED68968852F /* BenyuanShellState.swift */,
				ABDA1B974999DECD2676F2DB /* BenyuanWebContainerView.swift */,
				ED79191C059ACC97044B3C8A /* BenyuanWechatAuthClient.swift */,
			);
			path = "swiftui-starter";
			sourceTree = "<group>";
		};
		A4F98371DE5D3DF86BB9E643 = {
			isa = PBXGroup;
			children = (
				04D61981B5B59C2E8CAFFE88 /* Assets.xcassets */,
				DF8805C2203AB3A5FCAE87FD /* BenyuanDesignTokens.swift */,
				F291BF299E3CAE9A6A9A463A /* BenyuanOriginShell-Bridging-Header.h */,
				0362B686F60505AF544324D8 /* native-smoke-fixture.png */,
				74CD1CA96878BF053CB126B9 /* swiftui-starter */,
				54BE4986FAEC8CBD4971EC9D /* Tests */,
				0F4E4B2124D30A4FCC6D7A5B /* Products */,
			);
			sourceTree = "<group>";
		};
/* End PBXGroup section */

/* Begin PBXNativeTarget section */
		9A103574B189B763B17A2B1C /* BenyuanOriginShell */ = {
			isa = PBXNativeTarget;
			buildConfigurationList = 6B62D3A4E6BD02EF43D801DB /* Build configuration list for PBXNativeTarget "BenyuanOriginShell" */;
			buildPhases = (
				935C1F77A65881EB0710BA11 /* Sources */,
				C85244D17F4209DD20339B47 /* Resources */,
			);
			buildRules = (
			);
			dependencies = (
			);
			name = BenyuanOriginShell;
			packageProductDependencies = (
			);
			productName = BenyuanOriginShell;
			productReference = 2C50851EBC2E67222FB268CC /* BenyuanOriginShell.app */;
			productType = "com.apple.product-type.application";
		};
		DB6F5F1B262154078FCF65C5 /* BenyuanOriginShellTests */ = {
			isa = PBXNativeTarget;
			buildConfigurationList = 2BE63ED121C0A1BDB25EB866 /* Build configuration list for PBXNativeTarget "BenyuanOriginShellTests" */;
			buildPhases = (
				10958AD7320464F126486682 /* Sources */,
			);
			buildRules = (
			);
			dependencies = (
				E83760EF24B46B20AC9A9981 /* PBXTargetDependency */,
			);
			name = BenyuanOriginShellTests;
			packageProductDependencies = (
			);
			productName = BenyuanOriginShellTests;
			productReference = 8C9AECEC8FE142671B128D32 /* BenyuanOriginShellTests.xctest */;
			productType = "com.apple.product-type.bundle.unit-test";
		};
/* End PBXNativeTarget section */

/* Begin PBXProject section */
		64838622DCB8F96CAA14A6B2 /* Project object */ = {
			isa = PBXProject;
			attributes = {
				BuildIndependentTargetsInParallel = YES;
				LastUpgradeCheck = 1430;
				TargetAttributes = {
				};
			};
			buildConfigurationList = B9620F68595CCF73404D79F6 /* Build configuration list for PBXProject "BenyuanOriginShell" */;
			developmentRegion = en;
			hasScannedForEncodings = 0;
			knownRegions = (
				Base,
				en,
			);
			mainGroup = A4F98371DE5D3DF86BB9E643;
			minimizedProjectReferenceProxies = 1;
			preferredProjectObjectVersion = 77;
			productRefGroup = 0F4E4B2124D30A4FCC6D7A5B /* Products */;
			projectDirPath = "";
			projectRoot = "";
			targets = (
				9A103574B189B763B17A2B1C /* BenyuanOriginShell */,
				DB6F5F1B262154078FCF65C5 /* BenyuanOriginShellTests */,
			);
		};
/* End PBXProject section */

/* Begin PBXResourcesBuildPhase section */
		C85244D17F4209DD20339B47 /* Resources */ = {
			isa = PBXResourcesBuildPhase;
			buildActionMask = 2147483647;
			files = (
				F5203ECCE34599577FA7C7F1 /* Assets.xcassets in Resources */,
				7324A5F3938CE286E76A89B9 /* native-smoke-fixture.png in Resources */,
			);
			runOnlyForDeploymentPostprocessing = 0;
		};
/* End PBXResourcesBuildPhase section */

/* Begin PBXSourcesBuildPhase section */
		10958AD7320464F126486682 /* Sources */ = {
			isa = PBXSourcesBuildPhase;
			buildActionMask = 2147483647;
			files = (
				9014A74A28E5B5969476EB65 /* BenyuanCoreNativeTests.swift in Sources */,
			);
			runOnlyForDeploymentPostprocessing = 0;
		};
		935C1F77A65881EB0710BA11 /* Sources */ = {
			isa = PBXSourcesBuildPhase;
			buildActionMask = 2147483647;
			files = (
				33BDEE7FAF4D74A890B991EB /* BenyuanAPIClient.swift in Sources */,
				5FD6D2C79383E13D478AB504 /* BenyuanAppleAuthCoordinator.swift in Sources */,
				375B5C589F83091EE39EE62D /* BenyuanConstellationImageRenderer.swift in Sources */,
				76FD0E0D00FDCB3326F22894 /* BenyuanDesignTokens.swift in Sources */,
				3E14B7F2822912910B3B792F /* BenyuanFlowStore.swift in Sources */,
				22DEC28C09436615F7E51EB2 /* BenyuanImagePayload.swift in Sources */,
				E63BF5C2CEE0ED510C327A90 /* BenyuanLaunchOverlay.swift in Sources */,
				2F7F449895C2FBABCC00EE18 /* BenyuanMotionRuntime.swift in Sources */,
				8AF3D0AE546628B37FAC1015 /* BenyuanNativeAccountActions.swift in Sources */,
				7D3FB1BE6B78CED4E9338EFB /* BenyuanNativeAccountView.swift in Sources */,
				134C857347898E369292AC54 /* BenyuanNativeArchetypeRegistry.swift in Sources */,
				8853B57152116BCAA2D67D66 /* BenyuanNativeAuthView.swift in Sources */,
				0E86482DE7257D7FB5760927 /* BenyuanNativeBridge.swift in Sources */,
				9172649CDCF2B449387124AF /* BenyuanNativeCollectActions.swift in Sources */,
				A7D13CE3A5AB296691019CF4 /* BenyuanNativeCollectView.swift in Sources */,
				2F94CD5BAC7F1410BE840D35 /* BenyuanNativeConstellationActions.swift in Sources */,
				1EA17CB7BFFFE30B054714FC /* BenyuanNativeConstellationView.swift in Sources */,
				087EF56E456487AB932CCB35 /* BenyuanNativeDesignPrimitives.swift in Sources */,
				04A4F87EE811A5A4B391BFBD /* BenyuanNativeFlowModel.swift in Sources */,
				780BCFD87FABBE766EA45AF1 /* BenyuanNativeGenerationJobs.swift in Sources */,
				933B375C1AA9C0D5F2A78506 /* BenyuanNativeHistoryActions.swift in Sources */,
				30C2BAF6DD40C56F0BDF06A7 /* BenyuanNativeHomeView.swift in Sources */,
				5810598AA6AEFA84FF370EF0 /* BenyuanNativeImagePicker.swift in Sources */,
				FC357916C615A5FC1AA7B639 /* BenyuanNativeModels.swift in Sources */,
				F66EB124C32B5F679EA2F88B /* BenyuanNativePreviewFixtures.swift in Sources */,
				B5C1567CADB34783BDB3F62F /* BenyuanNativeProcessingView.swift in Sources */,
				F859A93B11B043A6A2044B9D /* BenyuanNativeTheaterActions.swift in Sources */,
				21D0763D938A0B9165A98B3E /* BenyuanNativeTheaterView.swift in Sources */,
				2809B680A092A505B9D11C7C /* BenyuanNetworkMonitor.swift in Sources */,
				E823DFD3600C3D95FEBDE7B4 /* BenyuanRouteRecovery.swift in Sources */,
				9B5C3319C1623FCB6574E292 /* BenyuanShareSheet.swift in Sources */,
				599A4D4250519E1985078496 /* BenyuanShellApp.swift in Sources */,
				B6B79C540A90BF0782AE35C4 /* BenyuanShellBackdrop.swift in Sources */,
				87AD940206CC0DFB4450A007 /* BenyuanShellConfig.swift in Sources */,
				777218E9E67718DEF95D8787 /* BenyuanShellRootView.swift in Sources */,
				CE01ED3120172FFD474E18DE /* BenyuanShellRouteContext.swift in Sources */,
				8D3D62EC198E4C548715E785 /* BenyuanShellState.swift in Sources */,
				9EED86F2D24C6D42E02DCE71 /* BenyuanWebContainerView.swift in Sources */,
				8DFEAF4D44708F332FF04A7C /* BenyuanWechatAuthClient.swift in Sources */,
			);
			runOnlyForDeploymentPostprocessing = 0;
		};
/* End PBXSourcesBuildPhase section */

/* Begin PBXTargetDependency section */
		E83760EF24B46B20AC9A9981 /* PBXTargetDependency */ = {
			isa = PBXTargetDependency;
			target = 9A103574B189B763B17A2B1C /* BenyuanOriginShell */;
			targetProxy = B60E3074F41ABD8926AB3C2E /* PBXContainerItemProxy */;
		};
/* End PBXTargetDependency section */

/* Begin XCBuildConfiguration section */
		0983B3848594739682427E9A /* Staging */ = {
			isa = XCBuildConfiguration;
			buildSettings = {
				ASSETCATALOG_COMPILER_APPICON_NAME = AppIcon;
				BenyuanShellEnvironment = staging;
				BenyuanShellProductionBaseURL = "https://benyuan.orangemoonai.cn";
				BenyuanShellStagingBaseURL = "https://staging-benyuan.orangemoonai.cn";
				CODE_SIGN_ENTITLEMENTS = BenyuanOriginShell.entitlements;
				CODE_SIGN_IDENTITY = "iPhone Developer";
				LD_RUNPATH_SEARCH_PATHS = (
					"$(inherited)",
					"@executable_path/Frameworks",
				);
				PRODUCT_NAME = BenyuanOriginShell;
				SDKROOT = auto;
				SUPPORTED_PLATFORMS = "iphoneos iphonesimulator";
				SUPPORTS_MACCATALYST = NO;
				SUPPORTS_MAC_DESIGNED_FOR_IPHONE_IPAD = YES;
				SUPPORTS_XR_DESIGNED_FOR_IPHONE_IPAD = YES;
				SWIFT_OBJC_BRIDGING_HEADER = "BenyuanOriginShell-Bridging-Header.h";
				TARGETED_DEVICE_FAMILY = "1,2";
			};
			name = Staging;
		};
		386AB9058163B5D424CBDBE0 /* Debug */ = {
			isa = XCBuildConfiguration;
			buildSettings = {
				ALWAYS_SEARCH_USER_PATHS = NO;
				BENYUAN_WECHAT_APP_ID = "";
				BENYUAN_WECHAT_ASSOCIATED_DOMAIN = "applinks:app.orangemoonai.cn";
				BENYUAN_WECHAT_UNIVERSAL_LINK = "https://app.orangemoonai.cn/app/benyuan/";
				CLANG_ANALYZER_NONNULL = YES;
				CLANG_ANALYZER_NUMBER_OBJECT_CONVERSION = YES_AGGRESSIVE;
				CLANG_CXX_LANGUAGE_STANDARD = "gnu++14";
				CLANG_CXX_LIBRARY = "libc++";
				CLANG_ENABLE_MODULES = YES;
				CLANG_ENABLE_OBJC_ARC = YES;
				CLANG_ENABLE_OBJC_WEAK = YES;
				CLANG_WARN_BLOCK_CAPTURE_AUTORELEASING = YES;
				CLANG_WARN_BOOL_CONVERSION = YES;
				CLANG_WARN_COMMA = YES;
				CLANG_WARN_CONSTANT_CONVERSION = YES;
				CLANG_WARN_DEPRECATED_OBJC_IMPLEMENTATIONS = YES;
				CLANG_WARN_DIRECT_OBJC_ISA_USAGE = YES_ERROR;
				CLANG_WARN_DOCUMENTATION_COMMENTS = YES;
				CLANG_WARN_EMPTY_BODY = YES;
				CLANG_WARN_ENUM_CONVERSION = YES;
				CLANG_WARN_INFINITE_RECURSION = YES;
				CLANG_WARN_INT_CONVERSION = YES;
				CLANG_WARN_NON_LITERAL_NULL_CONVERSION = YES;
				CLANG_WARN_OBJC_IMPLICIT_RETAIN_SELF = YES;
				CLANG_WARN_OBJC_LITERAL_CONVERSION = YES;
				CLANG_WARN_OBJC_ROOT_CLASS = YES_ERROR;
				CLANG_WARN_QUOTED_INCLUDE_IN_FRAMEWORK_HEADER = YES;
				CLANG_WARN_RANGE_LOOP_ANALYSIS = YES;
				CLANG_WARN_STRICT_PROTOTYPES = YES;
				CLANG_WARN_SUSPICIOUS_MOVE = YES;
				CLANG_WARN_UNGUARDED_AVAILABILITY = YES_AGGRESSIVE;
				CLANG_WARN_UNREACHABLE_CODE = YES;
				CLANG_WARN__DUPLICATE_METHOD_MATCH = YES;
				COPY_PHASE_STRIP = NO;
				CURRENT_PROJECT_VERSION = 20;
				DEBUG_INFORMATION_FORMAT = dwarf;
				ENABLE_STRICT_OBJC_MSGSEND = YES;
				ENABLE_TESTABILITY = YES;
				GCC_C_LANGUAGE_STANDARD = gnu11;
				GCC_DYNAMIC_NO_PIC = NO;
				GCC_NO_COMMON_BLOCKS = YES;
				GCC_OPTIMIZATION_LEVEL = 0;
				GCC_PREPROCESSOR_DEFINITIONS = (
					"$(inherited)",
					"DEBUG=1",
				);
				GCC_WARN_64_TO_32_BIT_CONVERSION = YES;
				GCC_WARN_ABOUT_RETURN_TYPE = YES_ERROR;
				GCC_WARN_UNDECLARED_SELECTOR = YES;
				GCC_WARN_UNINITIALIZED_AUTOS = YES_AGGRESSIVE;
				GCC_WARN_UNUSED_FUNCTION = YES;
				GCC_WARN_UNUSED_VARIABLE = YES;
				GENERATE_INFOPLIST_FILE = NO;
				INFOPLIST_FILE = Info.plist;
				IPHONEOS_DEPLOYMENT_TARGET = 18.0;
				MARKETING_VERSION = 0.2.1;
				MTL_ENABLE_DEBUG_INFO = INCLUDE_SOURCE;
				MTL_FAST_MATH = YES;
				ONLY_ACTIVE_ARCH = YES;
				PRODUCT_BUNDLE_IDENTIFIER = com.fanhao.benyuan.origin.shell;
				PRODUCT_NAME = "$(TARGET_NAME)";
				SWIFT_ACTIVE_COMPILATION_CONDITIONS = DEBUG;
				SWIFT_OPTIMIZATION_LEVEL = "-Onone";
				SWIFT_VERSION = 5.0;
			};
			name = Debug;
		};
		480B924B3076D5B7C271336F /* Release */ = {
			isa = XCBuildConfiguration;
			buildSettings = {
				BUNDLE_LOADER = "$(TEST_HOST)";
				GENERATE_INFOPLIST_FILE = YES;
				INFOPLIST_FILE = "";
				LD_RUNPATH_SEARCH_PATHS = (
					"$(inherited)",
					"@executable_path/Frameworks",
					"@loader_path/Frameworks",
				);
				PRODUCT_BUNDLE_IDENTIFIER = com.fanhao.benyuan.origin.shell.tests;
				PRODUCT_NAME = BenyuanOriginShellTests;
				SDKROOT = iphoneos;
				SUPPORTED_PLATFORMS = "iphoneos iphonesimulator";
				SUPPORTS_MACCATALYST = NO;
				SUPPORTS_MAC_DESIGNED_FOR_IPHONE_IPAD = YES;
				SUPPORTS_XR_DESIGNED_FOR_IPHONE_IPAD = YES;
				TARGETED_DEVICE_FAMILY = "1,2";
				TEST_HOST = "$(BUILT_PRODUCTS_DIR)/BenyuanOriginShell.app/BenyuanOriginShell";
			};
			name = Release;
		};
		5BF4DF4916944E38D00548B2 /* Release */ = {
			isa = XCBuildConfiguration;
			buildSettings = {
				ALWAYS_SEARCH_USER_PATHS = NO;
				BENYUAN_WECHAT_APP_ID = "";
				BENYUAN_WECHAT_ASSOCIATED_DOMAIN = "applinks:app.orangemoonai.cn";
				BENYUAN_WECHAT_UNIVERSAL_LINK = "https://app.orangemoonai.cn/app/benyuan/";
				CLANG_ANALYZER_NONNULL = YES;
				CLANG_ANALYZER_NUMBER_OBJECT_CONVERSION = YES_AGGRESSIVE;
				CLANG_CXX_LANGUAGE_STANDARD = "gnu++14";
				CLANG_CXX_LIBRARY = "libc++";
				CLANG_ENABLE_MODULES = YES;
				CLANG_ENABLE_OBJC_ARC = YES;
				CLANG_ENABLE_OBJC_WEAK = YES;
				CLANG_WARN_BLOCK_CAPTURE_AUTORELEASING = YES;
				CLANG_WARN_BOOL_CONVERSION = YES;
				CLANG_WARN_COMMA = YES;
				CLANG_WARN_CONSTANT_CONVERSION = YES;
				CLANG_WARN_DEPRECATED_OBJC_IMPLEMENTATIONS = YES;
				CLANG_WARN_DIRECT_OBJC_ISA_USAGE = YES_ERROR;
				CLANG_WARN_DOCUMENTATION_COMMENTS = YES;
				CLANG_WARN_EMPTY_BODY = YES;
				CLANG_WARN_ENUM_CONVERSION = YES;
				CLANG_WARN_INFINITE_RECURSION = YES;
				CLANG_WARN_INT_CONVERSION = YES;
				CLANG_WARN_NON_LITERAL_NULL_CONVERSION = YES;
				CLANG_WARN_OBJC_IMPLICIT_RETAIN_SELF = YES;
				CLANG_WARN_OBJC_LITERAL_CONVERSION = YES;
				CLANG_WARN_OBJC_ROOT_CLASS = YES_ERROR;
				CLANG_WARN_QUOTED_INCLUDE_IN_FRAMEWORK_HEADER = YES;
				CLANG_WARN_RANGE_LOOP_ANALYSIS = YES;
				CLANG_WARN_STRICT_PROTOTYPES = YES;
				CLANG_WARN_SUSPICIOUS_MOVE = YES;
				CLANG_WARN_UNGUARDED_AVAILABILITY = YES_AGGRESSIVE;
				CLANG_WARN_UNREACHABLE_CODE = YES;
				CLANG_WARN__DUPLICATE_METHOD_MATCH = YES;
				COPY_PHASE_STRIP = NO;
				CURRENT_PROJECT_VERSION = 20;
				DEBUG_INFORMATION_FORMAT = "dwarf-with-dsym";
				ENABLE_NS_ASSERTIONS = NO;
				ENABLE_STRICT_OBJC_MSGSEND = YES;
				GCC_C_LANGUAGE_STANDARD = gnu11;
				GCC_NO_COMMON_BLOCKS = YES;
				GCC_WARN_64_TO_32_BIT_CONVERSION = YES;
				GCC_WARN_ABOUT_RETURN_TYPE = YES_ERROR;
				GCC_WARN_UNDECLARED_SELECTOR = YES;
				GCC_WARN_UNINITIALIZED_AUTOS = YES_AGGRESSIVE;
				GCC_WARN_UNUSED_FUNCTION = YES;
				GCC_WARN_UNUSED_VARIABLE = YES;
				GENERATE_INFOPLIST_FILE = NO;
				INFOPLIST_FILE = Info.plist;
				IPHONEOS_DEPLOYMENT_TARGET = 18.0;
				MARKETING_VERSION = 0.2.1;
				MTL_ENABLE_DEBUG_INFO = NO;
				MTL_FAST_MATH = YES;
				PRODUCT_BUNDLE_IDENTIFIER = com.fanhao.benyuan.origin.shell;
				PRODUCT_NAME = "$(TARGET_NAME)";
				SWIFT_COMPILATION_MODE = wholemodule;
				SWIFT_OPTIMIZATION_LEVEL = "-O";
				SWIFT_VERSION = 5.0;
			};
			name = Release;
		};
		6B9D932BE049418D851D03F4 /* Staging */ = {
			isa = XCBuildConfiguration;
			buildSettings = {
				ALWAYS_SEARCH_USER_PATHS = NO;
				BENYUAN_WECHAT_APP_ID = "";
				BENYUAN_WECHAT_ASSOCIATED_DOMAIN = "applinks:app.orangemoonai.cn";
				BENYUAN_WECHAT_UNIVERSAL_LINK = "https://app.orangemoonai.cn/app/benyuan/";
				CLANG_ANALYZER_NONNULL = YES;
				CLANG_ANALYZER_NUMBER_OBJECT_CONVERSION = YES_AGGRESSIVE;
				CLANG_CXX_LANGUAGE_STANDARD = "gnu++14";
				CLANG_CXX_LIBRARY = "libc++";
				CLANG_ENABLE_MODULES = YES;
				CLANG_ENABLE_OBJC_ARC = YES;
				CLANG_ENABLE_OBJC_WEAK = YES;
				CLANG_WARN_BLOCK_CAPTURE_AUTORELEASING = YES;
				CLANG_WARN_BOOL_CONVERSION = YES;
				CLANG_WARN_COMMA = YES;
				CLANG_WARN_CONSTANT_CONVERSION = YES;
				CLANG_WARN_DEPRECATED_OBJC_IMPLEMENTATIONS = YES;
				CLANG_WARN_DIRECT_OBJC_ISA_USAGE = YES_ERROR;
				CLANG_WARN_DOCUMENTATION_COMMENTS = YES;
				CLANG_WARN_EMPTY_BODY = YES;
				CLANG_WARN_ENUM_CONVERSION = YES;
				CLANG_WARN_INFINITE_RECURSION = YES;
				CLANG_WARN_INT_CONVERSION = YES;
				CLANG_WARN_NON_LITERAL_NULL_CONVERSION = YES;
				CLANG_WARN_OBJC_IMPLICIT_RETAIN_SELF = YES;
				CLANG_WARN_OBJC_LITERAL_CONVERSION = YES;
				CLANG_WARN_OBJC_ROOT_CLASS = YES_ERROR;
				CLANG_WARN_QUOTED_INCLUDE_IN_FRAMEWORK_HEADER = YES;
				CLANG_WARN_RANGE_LOOP_ANALYSIS = YES;
				CLANG_WARN_STRICT_PROTOTYPES = YES;
				CLANG_WARN_SUSPICIOUS_MOVE = YES;
				CLANG_WARN_UNGUARDED_AVAILABILITY = YES_AGGRESSIVE;
				CLANG_WARN_UNREACHABLE_CODE = YES;
				CLANG_WARN__DUPLICATE_METHOD_MATCH = YES;
				COPY_PHASE_STRIP = NO;
				CURRENT_PROJECT_VERSION = 20;
				DEBUG_INFORMATION_FORMAT = "dwarf-with-dsym";
				ENABLE_NS_ASSERTIONS = NO;
				ENABLE_STRICT_OBJC_MSGSEND = YES;
				GCC_C_LANGUAGE_STANDARD = gnu11;
				GCC_NO_COMMON_BLOCKS = YES;
				GCC_WARN_64_TO_32_BIT_CONVERSION = YES;
				GCC_WARN_ABOUT_RETURN_TYPE = YES_ERROR;
				GCC_WARN_UNDECLARED_SELECTOR = YES;
				GCC_WARN_UNINITIALIZED_AUTOS = YES_AGGRESSIVE;
				GCC_WARN_UNUSED_FUNCTION = YES;
				GCC_WARN_UNUSED_VARIABLE = YES;
				GENERATE_INFOPLIST_FILE = NO;
				INFOPLIST_FILE = Info.plist;
				IPHONEOS_DEPLOYMENT_TARGET = 18.0;
				MARKETING_VERSION = 0.2.1;
				MTL_ENABLE_DEBUG_INFO = NO;
				MTL_FAST_MATH = YES;
				PRODUCT_BUNDLE_IDENTIFIER = com.fanhao.benyuan.origin.shell;
				PRODUCT_NAME = "$(TARGET_NAME)";
				SWIFT_COMPILATION_MODE = wholemodule;
				SWIFT_OPTIMIZATION_LEVEL = "-O";
				SWIFT_VERSION = 5.0;
			};
			name = Staging;
		};
		8D586BA6D4334F4F7CC71880 /* Debug */ = {
			isa = XCBuildConfiguration;
			buildSettings = {
				ASSETCATALOG_COMPILER_APPICON_NAME = AppIcon;
				BenyuanShellEnvironment = development;
				BenyuanShellProductionBaseURL = "http://120.26.126.88";
				BenyuanShellStagingBaseURL = "http://120.26.126.88";
				CODE_SIGN_ENTITLEMENTS = BenyuanOriginShell.entitlements;
				CODE_SIGN_IDENTITY = "iPhone Developer";
				LD_RUNPATH_SEARCH_PATHS = (
					"$(inherited)",
					"@executable_path/Frameworks",
				);
				PRODUCT_NAME = BenyuanOriginShell;
				SDKROOT = auto;
				SUPPORTED_PLATFORMS = "iphoneos iphonesimulator";
				SUPPORTS_MACCATALYST = NO;
				SUPPORTS_MAC_DESIGNED_FOR_IPHONE_IPAD = YES;
				SUPPORTS_XR_DESIGNED_FOR_IPHONE_IPAD = YES;
				SWIFT_OBJC_BRIDGING_HEADER = "BenyuanOriginShell-Bridging-Header.h";
				TARGETED_DEVICE_FAMILY = "1,2";
			};
			name = Debug;
		};
		A09C6D28E40FAFEE4DC8C1C6 /* Release */ = {
			isa = XCBuildConfiguration;
			buildSettings = {
				ASSETCATALOG_COMPILER_APPICON_NAME = AppIcon;
				BenyuanShellEnvironment = production;
				BenyuanShellProductionBaseURL = "https://staging-benyuan.orangemoonai.cn";
				BenyuanShellStagingBaseURL = "http://120.26.126.88";
				CODE_SIGN_ENTITLEMENTS = BenyuanOriginShell.entitlements;
				CODE_SIGN_IDENTITY = "iPhone Developer";
				LD_RUNPATH_SEARCH_PATHS = (
					"$(inherited)",
					"@executable_path/Frameworks",
				);
				PRODUCT_NAME = BenyuanOriginShell;
				SDKROOT = auto;
				SUPPORTED_PLATFORMS = "iphoneos iphonesimulator";
				SUPPORTS_MACCATALYST = NO;
				SUPPORTS_MAC_DESIGNED_FOR_IPHONE_IPAD = YES;
				SUPPORTS_XR_DESIGNED_FOR_IPHONE_IPAD = YES;
				SWIFT_OBJC_BRIDGING_HEADER = "BenyuanOriginShell-Bridging-Header.h";
				TARGETED_DEVICE_FAMILY = "1,2";
			};
			name = Release;
		};
		A0B5C369CAE88F8B747E0530 /* Staging */ = {
			isa = XCBuildConfiguration;
			buildSettings = {
				BUNDLE_LOADER = "$(TEST_HOST)";
				GENERATE_INFOPLIST_FILE = YES;
				INFOPLIST_FILE = "";
				LD_RUNPATH_SEARCH_PATHS = (
					"$(inherited)",
					"@executable_path/Frameworks",
					"@loader_path/Frameworks",
				);
				PRODUCT_BUNDLE_IDENTIFIER = com.fanhao.benyuan.origin.shell.tests;
				PRODUCT_NAME = BenyuanOriginShellTests;
				SDKROOT = iphoneos;
				SUPPORTED_PLATFORMS = "iphoneos iphonesimulator";
				SUPPORTS_MACCATALYST = NO;
				SUPPORTS_MAC_DESIGNED_FOR_IPHONE_IPAD = YES;
				SUPPORTS_XR_DESIGNED_FOR_IPHONE_IPAD = YES;
				TARGETED_DEVICE_FAMILY = "1,2";
				TEST_HOST = "$(BUILT_PRODUCTS_DIR)/BenyuanOriginShell.app/BenyuanOriginShell";
			};
			name = Staging;
		};
		E6D9355FC630B0191A814953 /* Debug */ = {
			isa = XCBuildConfiguration;
			buildSettings = {
				BUNDLE_LOADER = "$(TEST_HOST)";
				GENERATE_INFOPLIST_FILE = YES;
				INFOPLIST_FILE = "";
				LD_RUNPATH_SEARCH_PATHS = (
					"$(inherited)",
					"@executable_path/Frameworks",
					"@loader_path/Frameworks",
				);
				PRODUCT_BUNDLE_IDENTIFIER = com.fanhao.benyuan.origin.shell.tests;
				PRODUCT_NAME = BenyuanOriginShellTests;
				SDKROOT = iphoneos;
				SUPPORTED_PLATFORMS = "iphoneos iphonesimulator";
				SUPPORTS_MACCATALYST = NO;
				SUPPORTS_MAC_DESIGNED_FOR_IPHONE_IPAD = YES;
				SUPPORTS_XR_DESIGNED_FOR_IPHONE_IPAD = YES;
				TARGETED_DEVICE_FAMILY = "1,2";
				TEST_HOST = "$(BUILT_PRODUCTS_DIR)/BenyuanOriginShell.app/BenyuanOriginShell";
			};
			name = Debug;
		};
/* End XCBuildConfiguration section */

/* Begin XCConfigurationList section */
		2BE63ED121C0A1BDB25EB866 /* Build configuration list for PBXNativeTarget "BenyuanOriginShellTests" */ = {
			isa = XCConfigurationList;
			buildConfigurations = (
				E6D9355FC630B0191A814953 /* Debug */,
				480B924B3076D5B7C271336F /* Release */,
				A0B5C369CAE88F8B747E0530 /* Staging */,
			);
			defaultConfigurationIsVisible = 0;
			defaultConfigurationName = Debug;
		};
		6B62D3A4E6BD02EF43D801DB /* Build configuration list for PBXNativeTarget "BenyuanOriginShell" */ = {
			isa = XCConfigurationList;
			buildConfigurations = (
				8D586BA6D4334F4F7CC71880 /* Debug */,
				A09C6D28E40FAFEE4DC8C1C6 /* Release */,
				0983B3848594739682427E9A /* Staging */,
			);
			defaultConfigurationIsVisible = 0;
			defaultConfigurationName = Debug;
		};
		B9620F68595CCF73404D79F6 /* Build configuration list for PBXProject "BenyuanOriginShell" */ = {
			isa = XCConfigurationList;
			buildConfigurations = (
				386AB9058163B5D424CBDBE0 /* Debug */,
				5BF4DF4916944E38D00548B2 /* Release */,
				6B9D932BE049418D851D03F4 /* Staging */,
			);
			defaultConfigurationIsVisible = 0;
			defaultConfigurationName = Debug;
		};
/* End XCConfigurationList section */
	};
	rootObject = 64838622DCB8F96CAA14A6B2 /* Project object */;
}
