// !$*UTF8*$!
{
	archiveVersion = 1;
	classes = {
	};
	objectVersion = 77;
	objects = {

/* Begin PBXBuildFile section */
		0E86482DE7257D7FB5760927 /* BenyuanNativeBridge.swift in Sources */ = {isa = PBXBuildFile; fileRef = 822A4681017BD700F30A81C4 /* BenyuanNativeBridge.swift */; };
		2809B680A092A505B9D11C7C /* BenyuanNetworkMonitor.swift in Sources */ = {isa = PBXBuildFile; fileRef = 3415E25E48504958A7150987 /* BenyuanNetworkMonitor.swift */; };
		599A4D4250519E1985078496 /* BenyuanShellApp.swift in Sources */ = {isa = PBXBuildFile; fileRef = 7F67A5C4A8895424FA9D84E6 /* BenyuanShellApp.swift */; };
		7324A5F3938CE286E76A89B9 /* native-smoke-fixture.png in Resources */ = {isa = PBXBuildFile; fileRef = 0362B686F60505AF544324D8 /* native-smoke-fixture.png */; };
		76FD0E0D00FDCB3326F22894 /* BenyuanDesignTokens.swift in Sources */ = {isa = PBXBuildFile; fileRef = DF8805C2203AB3A5FCAE87FD /* BenyuanDesignTokens.swift */; };
		777218E9E67718DEF95D8787 /* BenyuanShellRootView.swift in Sources */ = {isa = PBXBuildFile; fileRef = 307DE9631DC4B6949F272C68 /* BenyuanShellRootView.swift */; };
		87AD940206CC0DFB4450A007 /* BenyuanShellConfig.swift in Sources */ = {isa = PBXBuildFile; fileRef = E77ABE8DB480480B21CC15D2 /* BenyuanShellConfig.swift */; };
		8D3D62EC198E4C548715E785 /* BenyuanShellState.swift in Sources */ = {isa = PBXBuildFile; fileRef = 569437A108793ED68968852F /* BenyuanShellState.swift */; };
		9B5C3319C1623FCB6574E292 /* BenyuanShareSheet.swift in Sources */ = {isa = PBXBuildFile; fileRef = 9B40AD6C5516B6D0209AD132 /* BenyuanShareSheet.swift */; };
		9EED86F2D24C6D42E02DCE71 /* BenyuanWebContainerView.swift in Sources */ = {isa = PBXBuildFile; fileRef = ABDA1B974999DECD2676F2DB /* BenyuanWebContainerView.swift */; };
		B6B79C540A90BF0782AE35C4 /* BenyuanShellBackdrop.swift in Sources */ = {isa = PBXBuildFile; fileRef = EB9F9294A97167B2E4B0ABA8 /* BenyuanShellBackdrop.swift */; };
		CE01ED3120172FFD474E18DE /* BenyuanShellRouteContext.swift in Sources */ = {isa = PBXBuildFile; fileRef = 4A29B73991BDAFFDB951B8DE /* BenyuanShellRouteContext.swift */; };
		E63BF5C2CEE0ED510C327A90 /* BenyuanLaunchOverlay.swift in Sources */ = {isa = PBXBuildFile; fileRef = 9E13CAF88FCD678552DF32C3 /* BenyuanLaunchOverlay.swift */; };
		E823DFD3600C3D95FEBDE7B4 /* BenyuanRouteRecovery.swift in Sources */ = {isa = PBXBuildFile; fileRef = 0637A14CCD52810CB93A7072 /* BenyuanRouteRecovery.swift */; };
		F5203ECCE34599577FA7C7F1 /* Assets.xcassets in Resources */ = {isa = PBXBuildFile; fileRef = 04D61981B5B59C2E8CAFFE88 /* Assets.xcassets */; };
/* End PBXBuildFile section */

/* Begin PBXFileReference section */
		0362B686F60505AF544324D8 /* native-smoke-fixture.png */ = {isa = PBXFileReference; lastKnownFileType = image.png; path = "native-smoke-fixture.png"; sourceTree = "<group>"; };
		04D61981B5B59C2E8CAFFE88 /* Assets.xcassets */ = {isa = PBXFileReference; lastKnownFileType = folder.assetcatalog; path = Assets.xcassets; sourceTree = "<group>"; };
		0637A14CCD52810CB93A7072 /* BenyuanRouteRecovery.swift */ = {isa = PBXFileReference; lastKnownFileType = sourcecode.swift; path = BenyuanRouteRecovery.swift; sourceTree = "<group>"; };
		2C50851EBC2E67222FB268CC /* BenyuanOriginShell.app */ = {isa = PBXFileReference; includeInIndex = 0; lastKnownFileType = wrapper.application; path = BenyuanOriginShell.app; sourceTree = BUILT_PRODUCTS_DIR; };
		307DE9631DC4B6949F272C68 /* BenyuanShellRootView.swift */ = {isa = PBXFileReference; lastKnownFileType = sourcecode.swift; path = BenyuanShellRootView.swift; sourceTree = "<group>"; };
		3415E25E48504958A7150987 /* BenyuanNetworkMonitor.swift */ = {isa = PBXFileReference; lastKnownFileType = sourcecode.swift; path = BenyuanNetworkMonitor.swift; sourceTree = "<group>"; };
		4A29B73991BDAFFDB951B8DE /* BenyuanShellRouteContext.swift */ = {isa = PBXFileReference; lastKnownFileType = sourcecode.swift; path = BenyuanShellRouteContext.swift; sourceTree = "<group>"; };
		569437A108793ED68968852F /* BenyuanShellState.swift */ = {isa = PBXFileReference; lastKnownFileType = sourcecode.swift; path = BenyuanShellState.swift; sourceTree = "<group>"; };
		7F67A5C4A8895424FA9D84E6 /* BenyuanShellApp.swift */ = {isa = PBXFileReference; lastKnownFileType = sourcecode.swift; path = BenyuanShellApp.swift; sourceTree = "<group>"; };
		822A4681017BD700F30A81C4 /* BenyuanNativeBridge.swift */ = {isa = PBXFileReference; lastKnownFileType = sourcecode.swift; path = BenyuanNativeBridge.swift; sourceTree = "<group>"; };
		9B40AD6C5516B6D0209AD132 /* BenyuanShareSheet.swift */ = {isa = PBXFileReference; lastKnownFileType = sourcecode.swift; path = BenyuanShareSheet.swift; sourceTree = "<group>"; };
		9E13CAF88FCD678552DF32C3 /* BenyuanLaunchOverlay.swift */ = {isa = PBXFileReference; lastKnownFileType = sourcecode.swift; path = BenyuanLaunchOverlay.swift; sourceTree = "<group>"; };
		ABDA1B974999DECD2676F2DB /* BenyuanWebContainerView.swift */ = {isa = PBXFileReference; lastKnownFileType = sourcecode.swift; path = BenyuanWebContainerView.swift; sourceTree = "<group>"; };
		DF8805C2203AB3A5FCAE87FD /* BenyuanDesignTokens.swift */ = {isa = PBXFileReference; lastKnownFileType = sourcecode.swift; path = BenyuanDesignTokens.swift; sourceTree = "<group>"; };
		E77ABE8DB480480B21CC15D2 /* BenyuanShellConfig.swift */ = {isa = PBXFileReference; lastKnownFileType = sourcecode.swift; path = BenyuanShellConfig.swift; sourceTree = "<group>"; };
		EB9F9294A97167B2E4B0ABA8 /* BenyuanShellBackdrop.swift */ = {isa = PBXFileReference; lastKnownFileType = sourcecode.swift; path = BenyuanShellBackdrop.swift; sourceTree = "<group>"; };
/* End PBXFileReference section */

/* Begin PBXGroup section */
		0F4E4B2124D30A4FCC6D7A5B /* Products */ = {
			isa = PBXGroup;
			children = (
				2C50851EBC2E67222FB268CC /* BenyuanOriginShell.app */,
			);
			name = Products;
			sourceTree = "<group>";
		};
		74CD1CA96878BF053CB126B9 /* swiftui-starter */ = {
			isa = PBXGroup;
			children = (
				9E13CAF88FCD678552DF32C3 /* BenyuanLaunchOverlay.swift */,
				822A4681017BD700F30A81C4 /* BenyuanNativeBridge.swift */,
				3415E25E48504958A7150987 /* BenyuanNetworkMonitor.swift */,
				0637A14CCD52810CB93A7072 /* BenyuanRouteRecovery.swift */,
				9B40AD6C5516B6D0209AD132 /* BenyuanShareSheet.swift */,
				7F67A5C4A8895424FA9D84E6 /* BenyuanShellApp.swift */,
				EB9F9294A97167B2E4B0ABA8 /* BenyuanShellBackdrop.swift */,
				E77ABE8DB480480B21CC15D2 /* BenyuanShellConfig.swift */,
				307DE9631DC4B6949F272C68 /* BenyuanShellRootView.swift */,
				4A29B73991BDAFFDB951B8DE /* BenyuanShellRouteContext.swift */,
				569437A108793ED68968852F /* BenyuanShellState.swift */,
				ABDA1B974999DECD2676F2DB /* BenyuanWebContainerView.swift */,
			);
			path = "swiftui-starter";
			sourceTree = "<group>";
		};
		A4F98371DE5D3DF86BB9E643 = {
			isa = PBXGroup;
			children = (
				04D61981B5B59C2E8CAFFE88 /* Assets.xcassets */,
				DF8805C2203AB3A5FCAE87FD /* BenyuanDesignTokens.swift */,
				0362B686F60505AF544324D8 /* native-smoke-fixture.png */,
				74CD1CA96878BF053CB126B9 /* swiftui-starter */,
				0F4E4B2124D30A4FCC6D7A5B /* Products */,
			);
			sourceTree = "<group>";
		};
/* End PBXGroup section */

/* Begin PBXNativeTarget section */
		9A103574B189B763B17A2B1C /* BenyuanOriginShell */ = {
			isa = PBXNativeTarget;
			buildConfigurationList = 6B62D3A4E6BD02EF43D801DB /* Build configuration list for PBXNativeTarget "BenyuanOriginShell" */;
			buildPhases = (
				935C1F77A65881EB0710BA11 /* Sources */,
				C85244D17F4209DD20339B47 /* Resources */,
			);
			buildRules = (
			);
			dependencies = (
			);
			name = BenyuanOriginShell;
			packageProductDependencies = (
			);
			productName = BenyuanOriginShell;
			productReference = 2C50851EBC2E67222FB268CC /* BenyuanOriginShell.app */;
			productType = "com.apple.product-type.application";
		};
/* End PBXNativeTarget section */

/* Begin PBXProject section */
		64838622DCB8F96CAA14A6B2 /* Project object */ = {
			isa = PBXProject;
			attributes = {
				BuildIndependentTargetsInParallel = YES;
				LastUpgradeCheck = 1430;
				TargetAttributes = {
				};
			};
			buildConfigurationList = B9620F68595CCF73404D79F6 /* Build configuration list for PBXProject "BenyuanOriginShell" */;
			developmentRegion = en;
			hasScannedForEncodings = 0;
			knownRegions = (
				Base,
				en,
			);
			mainGroup = A4F98371DE5D3DF86BB9E643;
			minimizedProjectReferenceProxies = 1;
			preferredProjectObjectVersion = 77;
			productRefGroup = 0F4E4B2124D30A4FCC6D7A5B /* Products */;
			projectDirPath = "";
			projectRoot = "";
			targets = (
				9A103574B189B763B17A2B1C /* BenyuanOriginShell */,
			);
		};
/* End PBXProject section */

/* Begin PBXResourcesBuildPhase section */
		C85244D17F4209DD20339B47 /* Resources */ = {
			isa = PBXResourcesBuildPhase;
			buildActionMask = 2147483647;
			files = (
				F5203ECCE34599577FA7C7F1 /* Assets.xcassets in Resources */,
				7324A5F3938CE286E76A89B9 /* native-smoke-fixture.png in Resources */,
			);
			runOnlyForDeploymentPostprocessing = 0;
		};
/* End PBXResourcesBuildPhase section */

/* Begin PBXSourcesBuildPhase section */
		935C1F77A65881EB0710BA11 /* Sources */ = {
			isa = PBXSourcesBuildPhase;
			buildActionMask = 2147483647;
			files = (
				76FD0E0D00FDCB3326F22894 /* BenyuanDesignTokens.swift in Sources */,
				E63BF5C2CEE0ED510C327A90 /* BenyuanLaunchOverlay.swift in Sources */,
				0E86482DE7257D7FB5760927 /* BenyuanNativeBridge.swift in Sources */,
				2809B680A092A505B9D11C7C /* BenyuanNetworkMonitor.swift in Sources */,
				E823DFD3600C3D95FEBDE7B4 /* BenyuanRouteRecovery.swift in Sources */,
				9B5C3319C1623FCB6574E292 /* BenyuanShareSheet.swift in Sources */,
				599A4D4250519E1985078496 /* BenyuanShellApp.swift in Sources */,
				B6B79C540A90BF0782AE35C4 /* BenyuanShellBackdrop.swift in Sources */,
				87AD940206CC0DFB4450A007 /* BenyuanShellConfig.swift in Sources */,
				777218E9E67718DEF95D8787 /* BenyuanShellRootView.swift in Sources */,
				CE01ED3120172FFD474E18DE /* BenyuanShellRouteContext.swift in Sources */,
				8D3D62EC198E4C548715E785 /* BenyuanShellState.swift in Sources */,
				9EED86F2D24C6D42E02DCE71 /* BenyuanWebContainerView.swift in Sources */,
			);
			runOnlyForDeploymentPostprocessing = 0;
		};
/* End PBXSourcesBuildPhase section */

/* Begin XCBuildConfiguration section */
		0983B3848594739682427E9A /* Staging */ = {
			isa = XCBuildConfiguration;
			buildSettings = {
				ASSETCATALOG_COMPILER_APPICON_NAME = AppIcon;
				BenyuanShellEnvironment = staging;
				BenyuanShellProductionBaseURL = "https://benyuan-production.up.railway.app";
				BenyuanShellStagingBaseURL = "https://benyuan-production.up.railway.app";
				CODE_SIGN_IDENTITY = "iPhone Developer";
				LD_RUNPATH_SEARCH_PATHS = (
					"$(inherited)",
					"@executable_path/Frameworks",
				);
				PRODUCT_NAME = BenyuanOriginShell;
				SDKROOT = auto;
				SUPPORTED_PLATFORMS = "iphoneos iphonesimulator";
				SUPPORTS_MACCATALYST = NO;
				SUPPORTS_MAC_DESIGNED_FOR_IPHONE_IPAD = YES;
				SUPPORTS_XR_DESIGNED_FOR_IPHONE_IPAD = YES;
				TARGETED_DEVICE_FAMILY = "1,2";
			};
			name = Staging;
		};
		386AB9058163B5D424CBDBE0 /* Debug */ = {
			isa = XCBuildConfiguration;
			buildSettings = {
				ALWAYS_SEARCH_USER_PATHS = NO;
				CLANG_ANALYZER_NONNULL = YES;
				CLANG_ANALYZER_NUMBER_OBJECT_CONVERSION = YES_AGGRESSIVE;
				CLANG_CXX_LANGUAGE_STANDARD = "gnu++14";
				CLANG_CXX_LIBRARY = "libc++";
				CLANG_ENABLE_MODULES = YES;
				CLANG_ENABLE_OBJC_ARC = YES;
				CLANG_ENABLE_OBJC_WEAK = YES;
				CLANG_WARN_BLOCK_CAPTURE_AUTORELEASING = YES;
				CLANG_WARN_BOOL_CONVERSION = YES;
				CLANG_WARN_COMMA = YES;
				CLANG_WARN_CONSTANT_CONVERSION = YES;
				CLANG_WARN_DEPRECATED_OBJC_IMPLEMENTATIONS = YES;
				CLANG_WARN_DIRECT_OBJC_ISA_USAGE = YES_ERROR;
				CLANG_WARN_DOCUMENTATION_COMMENTS = YES;
				CLANG_WARN_EMPTY_BODY = YES;
				CLANG_WARN_ENUM_CONVERSION = YES;
				CLANG_WARN_INFINITE_RECURSION = YES;
				CLANG_WARN_INT_CONVERSION = YES;
				CLANG_WARN_NON_LITERAL_NULL_CONVERSION = YES;
				CLANG_WARN_OBJC_IMPLICIT_RETAIN_SELF = YES;
				CLANG_WARN_OBJC_LITERAL_CONVERSION = YES;
				CLANG_WARN_OBJC_ROOT_CLASS = YES_ERROR;
				CLANG_WARN_QUOTED_INCLUDE_IN_FRAMEWORK_HEADER = YES;
				CLANG_WARN_RANGE_LOOP_ANALYSIS = YES;
				CLANG_WARN_STRICT_PROTOTYPES = YES;
				CLANG_WARN_SUSPICIOUS_MOVE = YES;
				CLANG_WARN_UNGUARDED_AVAILABILITY = YES_AGGRESSIVE;
				CLANG_WARN_UNREACHABLE_CODE = YES;
				CLANG_WARN__DUPLICATE_METHOD_MATCH = YES;
				COPY_PHASE_STRIP = NO;
				CURRENT_PROJECT_VERSION = 2;
				DEBUG_INFORMATION_FORMAT = dwarf;
				ENABLE_STRICT_OBJC_MSGSEND = YES;
				ENABLE_TESTABILITY = YES;
				GCC_C_LANGUAGE_STANDARD = gnu11;
				GCC_DYNAMIC_NO_PIC = NO;
				GCC_NO_COMMON_BLOCKS = YES;
				GCC_OPTIMIZATION_LEVEL = 0;
				GCC_PREPROCESSOR_DEFINITIONS = (
					"$(inherited)",
					"DEBUG=1",
				);
				GCC_WARN_64_TO_32_BIT_CONVERSION = YES;
				GCC_WARN_ABOUT_RETURN_TYPE = YES_ERROR;
				GCC_WARN_UNDECLARED_SELECTOR = YES;
				GCC_WARN_UNINITIALIZED_AUTOS = YES_AGGRESSIVE;
				GCC_WARN_UNUSED_FUNCTION = YES;
				GCC_WARN_UNUSED_VARIABLE = YES;
				GENERATE_INFOPLIST_FILE = NO;
				INFOPLIST_FILE = Info.plist;
				IPHONEOS_DEPLOYMENT_TARGET = 18.0;
				MARKETING_VERSION = 0.2.0;
				MTL_ENABLE_DEBUG_INFO = INCLUDE_SOURCE;
				MTL_FAST_MATH = YES;
				ONLY_ACTIVE_ARCH = YES;
				PRODUCT_BUNDLE_IDENTIFIER = com.fanhao.benyuan.origin.shell;
				PRODUCT_NAME = "$(TARGET_NAME)";
				SDKROOT = auto;
				SWIFT_ACTIVE_COMPILATION_CONDITIONS = DEBUG;
				SWIFT_OPTIMIZATION_LEVEL = "-Onone";
				SWIFT_VERSION = 5.0;
			};
			name = Debug;
		};
		5BF4DF4916944E38D00548B2 /* Release */ = {
			isa = XCBuildConfiguration;
			buildSettings = {
				ALWAYS_SEARCH_USER_PATHS = NO;
				CLANG_ANALYZER_NONNULL = YES;
				CLANG_ANALYZER_NUMBER_OBJECT_CONVERSION = YES_AGGRESSIVE;
				CLANG_CXX_LANGUAGE_STANDARD = "gnu++14";
				CLANG_CXX_LIBRARY = "libc++";
				CLANG_ENABLE_MODULES = YES;
				CLANG_ENABLE_OBJC_ARC = YES;
				CLANG_ENABLE_OBJC_WEAK = YES;
				CLANG_WARN_BLOCK_CAPTURE_AUTORELEASING = YES;
				CLANG_WARN_BOOL_CONVERSION = YES;
				CLANG_WARN_COMMA = YES;
				CLANG_WARN_CONSTANT_CONVERSION = YES;
				CLANG_WARN_DEPRECATED_OBJC_IMPLEMENTATIONS = YES;
				CLANG_WARN_DIRECT_OBJC_ISA_USAGE = YES_ERROR;
				CLANG_WARN_DOCUMENTATION_COMMENTS = YES;
				CLANG_WARN_EMPTY_BODY = YES;
				CLANG_WARN_ENUM_CONVERSION = YES;
				CLANG_WARN_INFINITE_RECURSION = YES;
				CLANG_WARN_INT_CONVERSION = YES;
				CLANG_WARN_NON_LITERAL_NULL_CONVERSION = YES;
				CLANG_WARN_OBJC_IMPLICIT_RETAIN_SELF = YES;
				CLANG_WARN_OBJC_LITERAL_CONVERSION = YES;
				CLANG_WARN_OBJC_ROOT_CLASS = YES_ERROR;
				CLANG_WARN_QUOTED_INCLUDE_IN_FRAMEWORK_HEADER = YES;
				CLANG_WARN_RANGE_LOOP_ANALYSIS = YES;
				CLANG_WARN_STRICT_PROTOTYPES = YES;
				CLANG_WARN_SUSPICIOUS_MOVE = YES;
				CLANG_WARN_UNGUARDED_AVAILABILITY = YES_AGGRESSIVE;
				CLANG_WARN_UNREACHABLE_CODE = YES;
				CLANG_WARN__DUPLICATE_METHOD_MATCH = YES;
				COPY_PHASE_STRIP = NO;
				CURRENT_PROJECT_VERSION = 2;
				DEBUG_INFORMATION_FORMAT = "dwarf-with-dsym";
				ENABLE_NS_ASSERTIONS = NO;
				ENABLE_STRICT_OBJC_MSGSEND = YES;
				GCC_C_LANGUAGE_STANDARD = gnu11;
				GCC_NO_COMMON_BLOCKS = YES;
				GCC_WARN_64_TO_32_BIT_CONVERSION = YES;
				GCC_WARN_ABOUT_RETURN_TYPE = YES_ERROR;
				GCC_WARN_UNDECLARED_SELECTOR = YES;
				GCC_WARN_UNINITIALIZED_AUTOS = YES_AGGRESSIVE;
				GCC_WARN_UNUSED_FUNCTION = YES;
				GCC_WARN_UNUSED_VARIABLE = YES;
				GENERATE_INFOPLIST_FILE = NO;
				INFOPLIST_FILE = Info.plist;
				IPHONEOS_DEPLOYMENT_TARGET = 18.0;
				MARKETING_VERSION = 0.2.0;
				MTL_ENABLE_DEBUG_INFO = NO;
				MTL_FAST_MATH = YES;
				PRODUCT_BUNDLE_IDENTIFIER = com.fanhao.benyuan.origin.shell;
				PRODUCT_NAME = "$(TARGET_NAME)";
				SDKROOT = auto;
				SWIFT_COMPILATION_MODE = wholemodule;
				SWIFT_OPTIMIZATION_LEVEL = "-O";
				SWIFT_VERSION = 5.0;
			};
			name = Release;
		};
		6B9D932BE049418D851D03F4 /* Staging */ = {
			isa = XCBuildConfiguration;
			buildSettings = {
				ALWAYS_SEARCH_USER_PATHS = NO;
				CLANG_ANALYZER_NONNULL = YES;
				CLANG_ANALYZER_NUMBER_OBJECT_CONVERSION = YES_AGGRESSIVE;
				CLANG_CXX_LANGUAGE_STANDARD = "gnu++14";
				CLANG_CXX_LIBRARY = "libc++";
				CLANG_ENABLE_MODULES = YES;
				CLANG_ENABLE_OBJC_ARC = YES;
				CLANG_ENABLE_OBJC_WEAK = YES;
				CLANG_WARN_BLOCK_CAPTURE_AUTORELEASING = YES;
				CLANG_WARN_BOOL_CONVERSION = YES;
				CLANG_WARN_COMMA = YES;
				CLANG_WARN_CONSTANT_CONVERSION = YES;
				CLANG_WARN_DEPRECATED_OBJC_IMPLEMENTATIONS = YES;
				CLANG_WARN_DIRECT_OBJC_ISA_USAGE = YES_ERROR;
				CLANG_WARN_DOCUMENTATION_COMMENTS = YES;
				CLANG_WARN_EMPTY_BODY = YES;
				CLANG_WARN_ENUM_CONVERSION = YES;
				CLANG_WARN_INFINITE_RECURSION = YES;
				CLANG_WARN_INT_CONVERSION = YES;
				CLANG_WARN_NON_LITERAL_NULL_CONVERSION = YES;
				CLANG_WARN_OBJC_IMPLICIT_RETAIN_SELF = YES;
				CLANG_WARN_OBJC_LITERAL_CONVERSION = YES;
				CLANG_WARN_OBJC_ROOT_CLASS = YES_ERROR;
				CLANG_WARN_QUOTED_INCLUDE_IN_FRAMEWORK_HEADER = YES;
				CLANG_WARN_RANGE_LOOP_ANALYSIS = YES;
				CLANG_WARN_STRICT_PROTOTYPES = YES;
				CLANG_WARN_SUSPICIOUS_MOVE = YES;
				CLANG_WARN_UNGUARDED_AVAILABILITY = YES_AGGRESSIVE;
				CLANG_WARN_UNREACHABLE_CODE = YES;
				CLANG_WARN__DUPLICATE_METHOD_MATCH = YES;
				COPY_PHASE_STRIP = NO;
				CURRENT_PROJECT_VERSION = 2;
				DEBUG_INFORMATION_FORMAT = "dwarf-with-dsym";
				ENABLE_NS_ASSERTIONS = NO;
				ENABLE_STRICT_OBJC_MSGSEND = YES;
				GCC_C_LANGUAGE_STANDARD = gnu11;
				GCC_NO_COMMON_BLOCKS = YES;
				GCC_WARN_64_TO_32_BIT_CONVERSION = YES;
				GCC_WARN_ABOUT_RETURN_TYPE = YES_ERROR;
				GCC_WARN_UNDECLARED_SELECTOR = YES;
				GCC_WARN_UNINITIALIZED_AUTOS = YES_AGGRESSIVE;
				GCC_WARN_UNUSED_FUNCTION = YES;
				GCC_WARN_UNUSED_VARIABLE = YES;
				GENERATE_INFOPLIST_FILE = NO;
				INFOPLIST_FILE = Info.plist;
				IPHONEOS_DEPLOYMENT_TARGET = 18.0;
				MARKETING_VERSION = 0.2.0;
				MTL_ENABLE_DEBUG_INFO = NO;
				MTL_FAST_MATH = YES;
				PRODUCT_BUNDLE_IDENTIFIER = com.fanhao.benyuan.origin.shell;
				PRODUCT_NAME = "$(TARGET_NAME)";
				SDKROOT = auto;
				SWIFT_COMPILATION_MODE = wholemodule;
				SWIFT_OPTIMIZATION_LEVEL = "-O";
				SWIFT_VERSION = 5.0;
			};
			name = Staging;
		};
		8D586BA6D4334F4F7CC71880 /* Debug */ = {
			isa = XCBuildConfiguration;
			buildSettings = {
				ASSETCATALOG_COMPILER_APPICON_NAME = AppIcon;
				BenyuanShellEnvironment = development;
				BenyuanShellProductionBaseURL = "https://benyuan-production.up.railway.app";
				BenyuanShellStagingBaseURL = "https://benyuan-production.up.railway.app";
				CODE_SIGN_IDENTITY = "iPhone Developer";
				LD_RUNPATH_SEARCH_PATHS = (
					"$(inherited)",
					"@executable_path/Frameworks",
				);
				PRODUCT_NAME = BenyuanOriginShell;
				SDKROOT = auto;
				SUPPORTED_PLATFORMS = "iphoneos iphonesimulator";
				SUPPORTS_MACCATALYST = NO;
				SUPPORTS_MAC_DESIGNED_FOR_IPHONE_IPAD = YES;
				SUPPORTS_XR_DESIGNED_FOR_IPHONE_IPAD = YES;
				TARGETED_DEVICE_FAMILY = "1,2";
			};
			name = Debug;
		};
		A09C6D28E40FAFEE4DC8C1C6 /* Release */ = {
			isa = XCBuildConfiguration;
			buildSettings = {
				ASSETCATALOG_COMPILER_APPICON_NAME = AppIcon;
				BenyuanShellEnvironment = production;
				BenyuanShellProductionBaseURL = "https://benyuan-production.up.railway.app";
				BenyuanShellStagingBaseURL = "https://benyuan-production.up.railway.app";
				CODE_SIGN_IDENTITY = "iPhone Developer";
				LD_RUNPATH_SEARCH_PATHS = (
					"$(inherited)",
					"@executable_path/Frameworks",
				);
				PRODUCT_NAME = BenyuanOriginShell;
				SDKROOT = auto;
				SUPPORTED_PLATFORMS = "iphoneos iphonesimulator";
				SUPPORTS_MACCATALYST = NO;
				SUPPORTS_MAC_DESIGNED_FOR_IPHONE_IPAD = YES;
				SUPPORTS_XR_DESIGNED_FOR_IPHONE_IPAD = YES;
				TARGETED_DEVICE_FAMILY = "1,2";
			};
			name = Release;
		};
/* End XCBuildConfiguration section */

/* Begin XCConfigurationList section */
		6B62D3A4E6BD02EF43D801DB /* Build configuration list for PBXNativeTarget "BenyuanOriginShell" */ = {
			isa = XCConfigurationList;
			buildConfigurations = (
				8D586BA6D4334F4F7CC71880 /* Debug */,
				A09C6D28E40FAFEE4DC8C1C6 /* Release */,
				0983B3848594739682427E9A /* Staging */,
			);
			defaultConfigurationIsVisible = 0;
			defaultConfigurationName = Debug;
		};
		B9620F68595CCF73404D79F6 /* Build configuration list for PBXProject "BenyuanOriginShell" */ = {
			isa = XCConfigurationList;
			buildConfigurations = (
				386AB9058163B5D424CBDBE0 /* Debug */,
				5BF4DF4916944E38D00548B2 /* Release */,
				6B9D932BE049418D851D03F4 /* Staging */,
			);
			defaultConfigurationIsVisible = 0;
			defaultConfigurationName = Debug;
		};
/* End XCConfigurationList section */
	};
	rootObject = 64838622DCB8F96CAA14A6B2 /* Project object */;
}
